
Microsoft Visual Studio Solution File, Format Version 12.00
# Visual Studio Version 16
VisualStudioVersion = 16.0.33214.272
MinimumVisualStudioVersion = 10.0.40219.1
Project("{FAE04EC0-301F-11D3-BF4B-00C04F79EFBC}") = "Cagdas2", "Cagdas2.csproj", "{B6A081C7-BCDC-46B7-B34A-1190C9C6CD15}"
EndProject
Global
	GlobalSection(SolutionConfigurationPlatforms) = preSolution
		Debug|Any CPU = Debug|Any CPU
		Release|Any CPU = Release|Any CPU
	EndGlobalSection
	GlobalSection(ProjectConfigurationPlatforms) = postSolution
		{B6A081C7-BCDC-46B7-B34A-1190C9C6CD15}.Debug|Any CPU.ActiveCfg = Debug|Any CPU
		{B6A081C7-BCDC-46B7-B34A-1190C9C6CD15}.Debug|Any CPU.Build.0 = Debug|Any CPU
		{B6A081C7-BCDC-46B7-B34A-1190C9C6CD15}.Release|Any CPU.ActiveCfg = Release|Any CPU
		{B6A081C7-BCDC-46B7-B34A-1190C9C6CD15}.Release|Any CPU.Build.0 = Release|Any CPU
	EndGlobalSection
	GlobalSection(SolutionProperties) = preSolution
		HideSolutionNode = FALSE
	EndGlobalSection
	GlobalSection(ExtensibilityGlobals) = postSolution
		SolutionGuid = {8E772FFE-981F-4001-8B72-3C3099B7877A}
	EndGlobalSection
EndGlobal
